
Microsoft Visual Studio Solution File, Format Version 12.00
# Visual Studio Version 17
VisualStudioVersion = 17.6.33829.357
MinimumVisualStudioVersion = 10.0.40219.1
Project("{888888A0-9F3D-457C-B088-3A5042F75D52}") = "MorpionRL", "MorpionRL.pyproj", "{6DA15B1E-73B2-4A00-BCEE-B569F1FE2F7E}"
EndProject
Global
	GlobalSection(SolutionConfigurationPlatforms) = preSolution
		Debug|Any CPU = Debug|Any CPU
		Release|Any CPU = Release|Any CPU
	EndGlobalSection
	GlobalSection(ProjectConfigurationPlatforms) = postSolution
		{6DA15B1E-73B2-4A00-BCEE-B569F1FE2F7E}.Debug|Any CPU.ActiveCfg = Debug|Any CPU
		{6DA15B1E-73B2-4A00-BCEE-B569F1FE2F7E}.Release|Any CPU.ActiveCfg = Release|Any CPU
	EndGlobalSection
	GlobalSection(SolutionProperties) = preSolution
		HideSolutionNode = FALSE
	EndGlobalSection
	GlobalSection(ExtensibilityGlobals) = postSolution
		SolutionGuid = {EDDBB2D7-7EED-4DF3-A872-6120530A6214}
	EndGlobalSection
EndGlobal
